// !$*UTF8*$!
{
	archiveVersion = 1;
	classes = {
	};
	objectVersion = 50;
	objects = {

/* Begin PBXBuildFile section */
		BEEBE20424FDE8DA00DFD595 /* AppDelegate.swift in Sources */ = {isa = PBXBuildFile; fileRef = BEEBE20324FDE8DA00DFD595 /* AppDelegate.swift */; };
		BEEBE20624FDE8DA00DFD595 /* SceneDelegate.swift in Sources */ = {isa = PBXBuildFile; fileRef = BEEBE20524FDE8DA00DFD595 /* SceneDelegate.swift */; };
		BEEBE20824FDE8DA00DFD595 /* ViewController.swift in Sources */ = {isa = PBXBuildFile; fileRef = BEEBE20724FDE8DA00DFD595 /* ViewController.swift */; };
		BEEBE20B24FDE8DA00DFD595 /* Main.storyboard in Resources */ = {isa = PBXBuildFile; fileRef = BEEBE20924FDE8DA00DFD595 /* Main.storyboard */; };
		BEEBE20D24FDE8DF00DFD595 /* Assets.xcassets in Resources */ = {isa = PBXBuildFile; fileRef = BEEBE20C24FDE8DF00DFD595 /* Assets.xcassets */; };
		BEEBE21024FDE8DF00DFD595 /* LaunchScreen.storyboard in Resources */ = {isa = PBXBuildFile; fileRef = BEEBE20E24FDE8DF00DFD595 /* LaunchScreen.storyboard */; };
		BEEBE21824FDED2100DFD595 /* Capital.swift in Sources */ = {isa = PBXBuildFile; fileRef = BEEBE21724FDED2100DFD595 /* Capital.swift */; };
/* End PBXBuildFile section */

/* Begin PBXFileReference section */
		BEEBE20024FDE8DA00DFD595 /* Project16.app */ = {isa = PBXFileReference; explicitFileType = wrapper.application; includeInIndex = 0; path = Project16.app; sourceTree = BUILT_PRODUCTS_DIR; };
		BEEBE20324FDE8DA00DFD595 /* AppDelegate.swift */ = {isa = PBXFileReference; lastKnownFileType = sourcecode.swift; path = AppDelegate.swift; sourceTree = "<group>"; };
		BEEBE20524FDE8DA00DFD595 /* SceneDelegate.swift */ = {isa = PBXFileReference; lastKnownFileType = sourcecode.swift; path = SceneDelegate.swift; sourceTree = "<group>"; };
		BEEBE20724FDE8DA00DFD595 /* ViewController.swift */ = {isa = PBXFileReference; lastKnownFileType = sourcecode.swift; path = ViewController.swift; sourceTree = "<group>"; };
		BEEBE20A24FDE8DA00DFD595 /* Base */ = {isa = PBXFileReference; lastKnownFileType = file.storyboard; name = Base; path = Base.lproj/Main.storyboard; sourceTree = "<group>"; };
		BEEBE20C24FDE8DF00DFD595 /* Assets.xcassets */ = {isa = PBXFileReference; lastKnownFileType = folder.assetcatalog; path = Assets.xcassets; sourceTree = "<group>"; };
		BEEBE20F24FDE8DF00DFD595 /* Base */ = {isa = PBXFileReference; lastKnownFileType = file.storyboard; name = Base; path = Base.lproj/LaunchScreen.storyboard; sourceTree = "<group>"; };
		BEEBE21124FDE8DF00DFD595 /* Info.plist */ = {isa = PBXFileReference; lastKnownFileType = text.plist.xml; path = Info.plist; sourceTree = "<group>"; };
		BEEBE21724FDED2100DFD595 /* Capital.swift */ = {isa = PBXFileReference; lastKnownFileType = sourcecode.swift; path = Capital.swift; sourceTree = "<group>"; };
/* End PBXFileReference section */

/* Begin PBXFrameworksBuildPhase section */
		BEEBE1FD24FDE8DA00DFD595 /* Frameworks */ = {
			isa = PBXFrameworksBuildPhase;
			buildActionMask = 2147483647;
			files = (
			);
			runOnlyForDeploymentPostprocessing = 0;
		};
/* End PBXFrameworksBuildPhase section */

/* Begin PBXGroup section */
		BEEBE1F724FDE8DA00DFD595 = {
			isa = PBXGroup;
			children = (
				BEEBE20224FDE8DA00DFD595 /* Project16 */,
				BEEBE20124FDE8DA00DFD595 /* Products */,
			);
			sourceTree = "<group>";
		};
		BEEBE20124FDE8DA00DFD595 /* Products */ = {
			isa = PBXGroup;
			children = (
				BEEBE20024FDE8DA00DFD595 /* Project16.app */,
			);
			name = Products;
			sourceTree = "<group>";
		};
		BEEBE20224FDE8DA00DFD595 /* Project16 */ = {
			isa = PBXGroup;
			children = (
				BEEBE20324FDE8DA00DFD595 /* AppDelegate.swift */,
				BEEBE20524FDE8DA00DFD595 /* SceneDelegate.swift */,
				BEEBE20724FDE8DA00DFD595 /* ViewController.swift */,
				BEEBE21724FDED2100DFD595 /* Capital.swift */,
				BEEBE20924FDE8DA00DFD595 /* Main.storyboard */,
				BEEBE20C24FDE8DF00DFD595 /* Assets.xcassets */,
				BEEBE20E24FDE8DF00DFD595 /* LaunchScreen.storyboard */,
				BEEBE21124FDE8DF00DFD595 /* Info.plist */,
			);
			path = Project16;
			sourceTree = "<group>";
		};
/* End PBXGroup section */

/* Begin PBXNativeTarget section */
		BEEBE1FF24FDE8DA00DFD595 /* Project16 */ = {
			isa = PBXNativeTarget;
			buildConfigurationList = BEEBE21424FDE8DF00DFD595 /* Build configuration list for PBXNativeTarget "Project16" */;
			buildPhases = (
				BEEBE1FC24FDE8DA00DFD595 /* Sources */,
				BEEBE1FD24FDE8DA00DFD595 /* Frameworks */,
				BEEBE1FE24FDE8DA00DFD595 /* Resources */,
			);
			buildRules = (
			);
			dependencies = (
			);
			name = Project16;
			productName = Project16;
			productReference = BEEBE20024FDE8DA00DFD595 /* Project16.app */;
			productType = "com.apple.product-type.application";
		};
/* End PBXNativeTarget section */

/* Begin PBXProject section */
		BEEBE1F824FDE8DA00DFD595 /* Project object */ = {
			isa = PBXProject;
			attributes = {
				LastSwiftUpdateCheck = 1160;
				LastUpgradeCheck = 1160;
				ORGANIZATIONNAME = TaoTao;
				TargetAttributes = {
					BEEBE1FF24FDE8DA00DFD595 = {
						CreatedOnToolsVersion = 11.6;
					};
				};
			};
			buildConfigurationList = BEEBE1FB24FDE8DA00DFD595 /* Build configuration list for PBXProject "Project16" */;
			compatibilityVersion = "Xcode 9.3";
			developmentRegion = en;
			hasScannedForEncodings = 0;
			knownRegions = (
				en,
				Base,
			);
			mainGroup = BEEBE1F724FDE8DA00DFD595;
			productRefGroup = BEEBE20124FDE8DA00DFD595 /* Products */;
			projectDirPath = "";
			projectRoot = "";
			targets = (
				BEEBE1FF24FDE8DA00DFD595 /* Project16 */,
			);
		};
/* End PBXProject section */

/* Begin PBXResourcesBuildPhase section */
		BEEBE1FE24FDE8DA00DFD595 /* Resources */ = {
			isa = PBXResourcesBuildPhase;
			buildActionMask = 2147483647;
			files = (
				BEEBE21024FDE8DF00DFD595 /* LaunchScreen.storyboard in Resources */,
				BEEBE20D24FDE8DF00DFD595 /* Assets.xcassets in Resources */,
				BEEBE20B24FDE8DA00DFD595 /* Main.storyboard in Resources */,
			);
			runOnlyForDeploymentPostprocessing = 0;
		};
/* End PBXResourcesBuildPhase section */

/* Begin PBXSourcesBuildPhase section */
		BEEBE1FC24FDE8DA00DFD595 /* Sources */ = {
			isa = PBXSourcesBuildPhase;
			buildActionMask = 2147483647;
			files = (
				BEEBE20824FDE8DA00DFD595 /* ViewController.swift in Sources */,
				BEEBE20424FDE8DA00DFD595 /* AppDelegate.swift in Sources */,
				BEEBE21824FDED2100DFD595 /* Capital.swift in Sources */,
				BEEBE20624FDE8DA00DFD595 /* SceneDelegate.swift in Sources */,
			);
			runOnlyForDeploymentPostprocessing = 0;
		};
/* End PBXSourcesBuildPhase section */

/* Begin PBXVariantGroup section */
		BEEBE20924FDE8DA00DFD595 /* Main.storyboard */ = {
			isa = PBXVariantGroup;
			children = (
				BEEBE20A24FDE8DA00DFD595 /* Base */,
			);
			name = Main.storyboard;
			sourceTree = "<group>";
		};
		BEEBE20E24FDE8DF00DFD595 /* LaunchScreen.storyboard */ = {
			isa = PBXVariantGroup;
			children = (
				BEEBE20F24FDE8DF00DFD595 /* Base */,
			);
			name = LaunchScreen.storyboard;
			sourceTree = "<group>";
		};
/* End PBXVariantGroup section */

/* Begin XCBuildConfiguration section */
		BEEBE21224FDE8DF00DFD595 /* Debug */ = {
			isa = XCBuildConfiguration;
			buildSettings = {
				ALWAYS_SEARCH_USER_PATHS = NO;
				CLANG_ANALYZER_NONNULL = YES;
				CLANG_ANALYZER_NUMBER_OBJECT_CONVERSION = YES_AGGRESSIVE;
				CLANG_CXX_LANGUAGE_STANDARD = "gnu++14";
				CLANG_CXX_LIBRARY = "libc++";
				CLANG_ENABLE_MODULES = YES;
				CLANG_ENABLE_OBJC_ARC = YES;
				CLANG_ENABLE_OBJC_WEAK = YES;
				CLANG_WARN_BLOCK_CAPTURE_AUTORELEASING = YES;
				CLANG_WARN_BOOL_CONVERSION = YES;
				CLANG_WARN_COMMA = YES;
				CLANG_WARN_CONSTANT_CONVERSION = YES;
				CLANG_WARN_DEPRECATED_OBJC_IMPLEMENTATIONS = YES;
				CLANG_WARN_DIRECT_OBJC_ISA_USAGE = YES_ERROR;
				CLANG_WARN_DOCUMENTATION_COMMENTS = YES;
				CLANG_WARN_EMPTY_BODY = YES;
				CLANG_WARN_ENUM_CONVERSION = YES;
				CLANG_WARN_INFINITE_RECURSION = YES;
				CLANG_WARN_INT_CONVERSION = YES;
				CLANG_WARN_NON_LITERAL_NULL_CONVERSION = YES;
				CLANG_WARN_OBJC_IMPLICIT_RETAIN_SELF = YES;
				CLANG_WARN_OBJC_LITERAL_CONVERSION = YES;
				CLANG_WARN_OBJC_ROOT_CLASS = YES_ERROR;
				CLANG_WARN_RANGE_LOOP_ANALYSIS = YES;
				CLANG_WARN_STRICT_PROTOTYPES = YES;
				CLANG_WARN_SUSPICIOUS_MOVE = YES;
				CLANG_WARN_UNGUARDED_AVAILABILITY = YES_AGGRESSIVE;
				CLANG_WARN_UNREACHABLE_CODE = YES;
				CLANG_WARN__DUPLICATE_METHOD_MATCH = YES;
				COPY_PHASE_STRIP = NO;
				DEBUG_INFORMATION_FORMAT = dwarf;
				ENABLE_STRICT_OBJC_MSGSEND = YES;
				ENABLE_TESTABILITY = YES;
				GCC_C_LANGUAGE_STANDARD = gnu11;
				GCC_DYNAMIC_NO_PIC = NO;
				GCC_NO_COMMON_BLOCKS = YES;
				GCC_OPTIMIZATION_LEVEL = 0;
				GCC_PREPROCESSOR_DEFINITIONS = (
					"DEBUG=1",
					"$(inherited)",
				);
				GCC_WARN_64_TO_32_BIT_CONVERSION = YES;
				GCC_WARN_ABOUT_RETURN_TYPE = YES_ERROR;
				GCC_WARN_UNDECLARED_SELECTOR = YES;
				GCC_WARN_UNINITIALIZED_AUTOS = YES_AGGRESSIVE;
				GCC_WARN_UNUSED_FUNCTION = YES;
				GCC_WARN_UNUSED_VARIABLE = YES;
				IPHONEOS_DEPLOYMENT_TARGET = 13.6;
				MTL_ENABLE_DEBUG_INFO = INCLUDE_SOURCE;
				MTL_FAST_MATH = YES;
				ONLY_ACTIVE_ARCH = YES;
				SDKROOT = iphoneos;
				SWIFT_ACTIVE_COMPILATION_CONDITIONS = DEBUG;
				SWIFT_OPTIMIZATION_LEVEL = "-Onone";
			};
			name = Debug;
		};
		BEEBE21324FDE8DF00DFD595 /* Release */ = {
			isa = XCBuildConfiguration;
			buildSettings = {
				ALWAYS_SEARCH_USER_PATHS = NO;
				CLANG_ANALYZER_NONNULL = YES;
				CLANG_ANALYZER_NUMBER_OBJECT_CONVERSION = YES_AGGRESSIVE;
				CLANG_CXX_LANGUAGE_STANDARD = "gnu++14";
				CLANG_CXX_LIBRARY = "libc++";
				CLANG_ENABLE_MODULES = YES;
				CLANG_ENABLE_OBJC_ARC = YES;
				CLANG_ENABLE_OBJC_WEAK = YES;
				CLANG_WARN_BLOCK_CAPTURE_AUTORELEASING = YES;
				CLANG_WARN_BOOL_CONVERSION = YES;
				CLANG_WARN_COMMA = YES;
				CLANG_WARN_CONSTANT_CONVERSION = YES;
				CLANG_WARN_DEPRECATED_OBJC_IMPLEMENTATIONS = YES;
				CLANG_WARN_DIRECT_OBJC_ISA_USAGE = YES_ERROR;
				CLANG_WARN_DOCUMENTATION_COMMENTS = YES;
				CLANG_WARN_EMPTY_BODY = YES;
				CLANG_WARN_ENUM_CONVERSION = YES;
				CLANG_WARN_INFINITE_RECURSION = YES;
				CLANG_WARN_INT_CONVERSION = YES;
				CLANG_WARN_NON_LITERAL_NULL_CONVERSION = YES;
				CLANG_WARN_OBJC_IMPLICIT_RETAIN_SELF = YES;
				CLANG_WARN_OBJC_LITERAL_CONVERSION = YES;
				CLANG_WARN_OBJC_ROOT_CLASS = YES_ERROR;
				CLANG_WARN_RANGE_LOOP_ANALYSIS = YES;
				CLANG_WARN_STRICT_PROTOTYPES = YES;
				CLANG_WARN_SUSPICIOUS_MOVE = YES;
				CLANG_WARN_UNGUARDED_AVAILABILITY = YES_AGGRESSIVE;
				CLANG_WARN_UNREACHABLE_CODE = YES;
				CLANG_WARN__DUPLICATE_METHOD_MATCH = YES;
				COPY_PHASE_STRIP = NO;
				DEBUG_INFORMATION_FORMAT = "dwarf-with-dsym";
				ENABLE_NS_ASSERTIONS = NO;
				ENABLE_STRICT_OBJC_MSGSEND = YES;
				GCC_C_LANGUAGE_STANDARD = gnu11;
				GCC_NO_COMMON_BLOCKS = YES;
				GCC_WARN_64_TO_32_BIT_CONVERSION = YES;
				GCC_WARN_ABOUT_RETURN_TYPE = YES_ERROR;
				GCC_WARN_UNDECLARED_SELECTOR = YES;
				GCC_WARN_UNINITIALIZED_AUTOS = YES_AGGRESSIVE;
				GCC_WARN_UNUSED_FUNCTION = YES;
				GCC_WARN_UNUSED_VARIABLE = YES;
				IPHONEOS_DEPLOYMENT_TARGET = 13.6;
				MTL_ENABLE_DEBUG_INFO = NO;
				MTL_FAST_MATH = YES;
				SDKROOT = iphoneos;
				SWIFT_COMPILATION_MODE = wholemodule;
				SWIFT_OPTIMIZATION_LEVEL = "-O";
				VALIDATE_PRODUCT = YES;
			};
			name = Release;
		};
		BEEBE21524FDE8DF00DFD595 /* Debug */ = {
			isa = XCBuildConfiguration;
			buildSettings = {
				ASSETCATALOG_COMPILER_APPICON_NAME = AppIcon;
				CODE_SIGN_STYLE = Automatic;
				DEVELOPMENT_TEAM = CFEGX7Q7W6;
				INFOPLIST_FILE = Project16/Info.plist;
				LD_RUNPATH_SEARCH_PATHS = (
					"$(inherited)",
					"@executable_path/Frameworks",
				);
				PRODUCT_BUNDLE_IDENTIFIER = cn.TaoTao.Project16;
				PRODUCT_NAME = "$(TARGET_NAME)";
				SWIFT_VERSION = 5.0;
				TARGETED_DEVICE_FAMILY = "1,2";
			};
			name = Debug;
		};
		BEEBE21624FDE8DF00DFD595 /* Release */ = {
			isa = XCBuildConfiguration;
			buildSettings = {
				ASSETCATALOG_COMPILER_APPICON_NAME = AppIcon;
				CODE_SIGN_STYLE = Automatic;
				DEVELOPMENT_TEAM = CFEGX7Q7W6;
				INFOPLIST_FILE = Project16/Info.plist;
				LD_RUNPATH_SEARCH_PATHS = (
					"$(inherited)",
					"@executable_path/Frameworks",
				);
				PRODUCT_BUNDLE_IDENTIFIER = cn.TaoTao.Project16;
				PRODUCT_NAME = "$(TARGET_NAME)";
				SWIFT_VERSION = 5.0;
				TARGETED_DEVICE_FAMILY = "1,2";
			};
			name = Release;
		};
/* End XCBuildConfiguration section */

/* Begin XCConfigurationList section */
		BEEBE1FB24FDE8DA00DFD595 /* Build configuration list for PBXProject "Project16" */ = {
			isa = XCConfigurationList;
			buildConfigurations = (
				BEEBE21224FDE8DF00DFD595 /* Debug */,
				BEEBE21324FDE8DF00DFD595 /* Release */,
			);
			defaultConfigurationIsVisible = 0;
			defaultConfigurationName = Release;
		};
		BEEBE21424FDE8DF00DFD595 /* Build configuration list for PBXNativeTarget "Project16" */ = {
			isa = XCConfigurationList;
			buildConfigurations = (
				BEEBE21524FDE8DF00DFD595 /* Debug */,
				BEEBE21624FDE8DF00DFD595 /* Release */,
			);
			defaultConfigurationIsVisible = 0;
			defaultConfigurationName = Release;
		};
/* End XCConfigurationList section */
	};
	rootObject = BEEBE1F824FDE8DA00DFD595 /* Project object */;
}
